// !$*UTF8*$!
{
	archiveVersion = 1;
	classes = {
	};
	objectVersion = 46;
	objects = {

/* Begin PBXBuildFile section */
		07FDBA1C1C16505600339278 /* main.m in Sources */ = {isa = PBXBuildFile; fileRef = 07FDBA1B1C16505600339278 /* main.m */; };
		07FDBA1F1C16505600339278 /* AppDelegate.m in Sources */ = {isa = PBXBuildFile; fileRef = 07FDBA1E1C16505600339278 /* AppDelegate.m */; };
		07FDBA221C16505600339278 /* ViewController.m in Sources */ = {isa = PBXBuildFile; fileRef = 07FDBA211C16505600339278 /* ViewController.m */; };
		07FDBA251C16505600339278 /* Main.storyboard in Resources */ = {isa = PBXBuildFile; fileRef = 07FDBA231C16505600339278 /* Main.storyboard */; };
		07FDBA271C16505600339278 /* Images.xcassets in Resources */ = {isa = PBXBuildFile; fileRef = 07FDBA261C16505600339278 /* Images.xcassets */; };
		07FDBA2A1C16505600339278 /* LaunchScreen.xib in Resources */ = {isa = PBXBuildFile; fileRef = 07FDBA281C16505600339278 /* LaunchScreen.xib */; };
		07FDBA361C16505700339278 /* SigRoutiereTests.m in Sources */ = {isa = PBXBuildFile; fileRef = 07FDBA351C16505700339278 /* SigRoutiereTests.m */; };
/* End PBXBuildFile section */

/* Begin PBXContainerItemProxy section */
		07FDBA301C16505700339278 /* PBXContainerItemProxy */ = {
			isa = PBXContainerItemProxy;
			containerPortal = 07FDBA0E1C16505600339278 /* Project object */;
			proxyType = 1;
			remoteGlobalIDString = 07FDBA151C16505600339278;
			remoteInfo = SigRoutiere;
		};
/* End PBXContainerItemProxy section */

/* Begin PBXFileReference section */
		07FDBA161C16505600339278 /* SigRoutiere.app */ = {isa = PBXFileReference; explicitFileType = wrapper.application; includeInIndex = 0; path = SigRoutiere.app; sourceTree = BUILT_PRODUCTS_DIR; };
		07FDBA1A1C16505600339278 /* Info.plist */ = {isa = PBXFileReference; lastKnownFileType = text.plist.xml; path = Info.plist; sourceTree = "<group>"; };
		07FDBA1B1C16505600339278 /* main.m */ = {isa = PBXFileReference; lastKnownFileType = sourcecode.c.objc; path = main.m; sourceTree = "<group>"; };
		07FDBA1D1C16505600339278 /* AppDelegate.h */ = {isa = PBXFileReference; lastKnownFileType = sourcecode.c.h; path = AppDelegate.h; sourceTree = "<group>"; };
		07FDBA1E1C16505600339278 /* AppDelegate.m */ = {isa = PBXFileReference; lastKnownFileType = sourcecode.c.objc; path = AppDelegate.m; sourceTree = "<group>"; };
		07FDBA201C16505600339278 /* ViewController.h */ = {isa = PBXFileReference; lastKnownFileType = sourcecode.c.h; path = ViewController.h; sourceTree = "<group>"; };
		07FDBA211C16505600339278 /* ViewController.m */ = {isa = PBXFileReference; lastKnownFileType = sourcecode.c.objc; path = ViewController.m; sourceTree = "<group>"; };
		07FDBA241C16505600339278 /* Base */ = {isa = PBXFileReference; lastKnownFileType = file.storyboard; name = Base; path = Base.lproj/Main.storyboard; sourceTree = "<group>"; };
		07FDBA261C16505600339278 /* Images.xcassets */ = {isa = PBXFileReference; lastKnownFileType = folder.assetcatalog; path = Images.xcassets; sourceTree = "<group>"; };
		07FDBA291C16505600339278 /* Base */ = {isa = PBXFileReference; lastKnownFileType = file.xib; name = Base; path = Base.lproj/LaunchScreen.xib; sourceTree = "<group>"; };
		07FDBA2F1C16505700339278 /* SigRoutiereTests.xctest */ = {isa = PBXFileReference; explicitFileType = wrapper.cfbundle; includeInIndex = 0; path = SigRoutiereTests.xctest; sourceTree = BUILT_PRODUCTS_DIR; };
		07FDBA341C16505700339278 /* Info.plist */ = {isa = PBXFileReference; lastKnownFileType = text.plist.xml; path = Info.plist; sourceTree = "<group>"; };
		07FDBA351C16505700339278 /* SigRoutiereTests.m */ = {isa = PBXFileReference; lastKnownFileType = sourcecode.c.objc; path = SigRoutiereTests.m; sourceTree = "<group>"; };
/* End PBXFileReference section */

/* Begin PBXFrameworksBuildPhase section */
		07FDBA131C16505600339278 /* Frameworks */ = {
			isa = PBXFrameworksBuildPhase;
			buildActionMask = 2147483647;
			files = (
			);
			runOnlyForDeploymentPostprocessing = 0;
		};
		07FDBA2C1C16505700339278 /* Frameworks */ = {
			isa = PBXFrameworksBuildPhase;
			buildActionMask = 2147483647;
			files = (
			);
			runOnlyForDeploymentPostprocessing = 0;
		};
/* End PBXFrameworksBuildPhase section */

/* Begin PBXGroup section */
		07FDBA0D1C16505600339278 = {
			isa = PBXGroup;
			children = (
				07FDBA181C16505600339278 /* SigRoutiere */,
				07FDBA321C16505700339278 /* SigRoutiereTests */,
				07FDBA171C16505600339278 /* Products */,
			);
			sourceTree = "<group>";
		};
		07FDBA171C16505600339278 /* Products */ = {
			isa = PBXGroup;
			children = (
				07FDBA161C16505600339278 /* SigRoutiere.app */,
				07FDBA2F1C16505700339278 /* SigRoutiereTests.xctest */,
			);
			name = Products;
			sourceTree = "<group>";
		};
		07FDBA181C16505600339278 /* SigRoutiere */ = {
			isa = PBXGroup;
			children = (
				07FDBA1D1C16505600339278 /* AppDelegate.h */,
				07FDBA1E1C16505600339278 /* AppDelegate.m */,
				07FDBA201C16505600339278 /* ViewController.h */,
				07FDBA211C16505600339278 /* ViewController.m */,
				07FDBA231C16505600339278 /* Main.storyboard */,
				07FDBA261C16505600339278 /* Images.xcassets */,
				07FDBA281C16505600339278 /* LaunchScreen.xib */,
				07FDBA191C16505600339278 /* Supporting Files */,
			);
			path = SigRoutiere;
			sourceTree = "<group>";
		};
		07FDBA191C16505600339278 /* Supporting Files */ = {
			isa = PBXGroup;
			children = (
				07FDBA1A1C16505600339278 /* Info.plist */,
				07FDBA1B1C16505600339278 /* main.m */,
			);
			name = "Supporting Files";
			sourceTree = "<group>";
		};
		07FDBA321C16505700339278 /* SigRoutiereTests */ = {
			isa = PBXGroup;
			children = (
				07FDBA351C16505700339278 /* SigRoutiereTests.m */,
				07FDBA331C16505700339278 /* Supporting Files */,
			);
			path = SigRoutiereTests;
			sourceTree = "<group>";
		};
		07FDBA331C16505700339278 /* Supporting Files */ = {
			isa = PBXGroup;
			children = (
				07FDBA341C16505700339278 /* Info.plist */,
			);
			name = "Supporting Files";
			sourceTree = "<group>";
		};
/* End PBXGroup section */

/* Begin PBXNativeTarget section */
		07FDBA151C16505600339278 /* SigRoutiere */ = {
			isa = PBXNativeTarget;
			buildConfigurationList = 07FDBA391C16505700339278 /* Build configuration list for PBXNativeTarget "SigRoutiere" */;
			buildPhases = (
				07FDBA121C16505600339278 /* Sources */,
				07FDBA131C16505600339278 /* Frameworks */,
				07FDBA141C16505600339278 /* Resources */,
			);
			buildRules = (
			);
			dependencies = (
			);
			name = SigRoutiere;
			productName = SigRoutiere;
			productReference = 07FDBA161C16505600339278 /* SigRoutiere.app */;
			productType = "com.apple.product-type.application";
		};
		07FDBA2E1C16505700339278 /* SigRoutiereTests */ = {
			isa = PBXNativeTarget;
			buildConfigurationList = 07FDBA3C1C16505700339278 /* Build configuration list for PBXNativeTarget "SigRoutiereTests" */;
			buildPhases = (
				07FDBA2B1C16505700339278 /* Sources */,
				07FDBA2C1C16505700339278 /* Frameworks */,
				07FDBA2D1C16505700339278 /* Resources */,
			);
			buildRules = (
			);
			dependencies = (
				07FDBA311C16505700339278 /* PBXTargetDependency */,
			);
			name = SigRoutiereTests;
			productName = SigRoutiereTests;
			productReference = 07FDBA2F1C16505700339278 /* SigRoutiereTests.xctest */;
			productType = "com.apple.product-type.bundle.unit-test";
		};
/* End PBXNativeTarget section */

/* Begin PBXProject section */
		07FDBA0E1C16505600339278 /* Project object */ = {
			isa = PBXProject;
			attributes = {
				LastUpgradeCheck = 0610;
				ORGANIZATIONNAME = Pear;
				TargetAttributes = {
					07FDBA151C16505600339278 = {
						CreatedOnToolsVersion = 6.1.1;
					};
					07FDBA2E1C16505700339278 = {
						CreatedOnToolsVersion = 6.1.1;
						TestTargetID = 07FDBA151C16505600339278;
					};
				};
			};
			buildConfigurationList = 07FDBA111C16505600339278 /* Build configuration list for PBXProject "SigRoutiere" */;
			compatibilityVersion = "Xcode 3.2";
			developmentRegion = English;
			hasScannedForEncodings = 0;
			knownRegions = (
				en,
				Base,
			);
			mainGroup = 07FDBA0D1C16505600339278;
			productRefGroup = 07FDBA171C16505600339278 /* Products */;
			projectDirPath = "";
			projectRoot = "";
			targets = (
				07FDBA151C16505600339278 /* SigRoutiere */,
				07FDBA2E1C16505700339278 /* SigRoutiereTests */,
			);
		};
/* End PBXProject section */

/* Begin PBXResourcesBuildPhase section */
		07FDBA141C16505600339278 /* Resources */ = {
			isa = PBXResourcesBuildPhase;
			buildActionMask = 2147483647;
			files = (
				07FDBA251C16505600339278 /* Main.storyboard in Resources */,
				07FDBA2A1C16505600339278 /* LaunchScreen.xib in Resources */,
				07FDBA271C16505600339278 /* Images.xcassets in Resources */,
			);
			runOnlyForDeploymentPostprocessing = 0;
		};
		07FDBA2D1C16505700339278 /* Resources */ = {
			isa = PBXResourcesBuildPhase;
			buildActionMask = 2147483647;
			files = (
			);
			runOnlyForDeploymentPostprocessing = 0;
		};
/* End PBXResourcesBuildPhase section */

/* Begin PBXSourcesBuildPhase section */
		07FDBA121C16505600339278 /* Sources */ = {
			isa = PBXSourcesBuildPhase;
			buildActionMask = 2147483647;
			files = (
				07FDBA221C16505600339278 /* ViewController.m in Sources */,
				07FDBA1F1C16505600339278 /* AppDelegate.m in Sources */,
				07FDBA1C1C16505600339278 /* main.m in Sources */,
			);
			runOnlyForDeploymentPostprocessing = 0;
		};
		07FDBA2B1C16505700339278 /* Sources */ = {
			isa = PBXSourcesBuildPhase;
			buildActionMask = 2147483647;
			files = (
				07FDBA361C16505700339278 /* SigRoutiereTests.m in Sources */,
			);
			runOnlyForDeploymentPostprocessing = 0;
		};
/* End PBXSourcesBuildPhase section */

/* Begin PBXTargetDependency section */
		07FDBA311C16505700339278 /* PBXTargetDependency */ = {
			isa = PBXTargetDependency;
			target = 07FDBA151C16505600339278 /* SigRoutiere */;
			targetProxy = 07FDBA301C16505700339278 /* PBXContainerItemProxy */;
		};
/* End PBXTargetDependency section */

/* Begin PBXVariantGroup section */
		07FDBA231C16505600339278 /* Main.storyboard */ = {
			isa = PBXVariantGroup;
			children = (
				07FDBA241C16505600339278 /* Base */,
			);
			name = Main.storyboard;
			sourceTree = "<group>";
		};
		07FDBA281C16505600339278 /* LaunchScreen.xib */ = {
			isa = PBXVariantGroup;
			children = (
				07FDBA291C16505600339278 /* Base */,
			);
			name = LaunchScreen.xib;
			sourceTree = "<group>";
		};
/* End PBXVariantGroup section */

/* Begin XCBuildConfiguration section */
		07FDBA371C16505700339278 /* Debug */ = {
			isa = XCBuildConfiguration;
			buildSettings = {
				ALWAYS_SEARCH_USER_PATHS = NO;
				CLANG_CXX_LANGUAGE_STANDARD = "gnu++0x";
				CLANG_CXX_LIBRARY = "libc++";
				CLANG_ENABLE_MODULES = YES;
				CLANG_ENABLE_OBJC_ARC = YES;
				CLANG_WARN_BOOL_CONVERSION = YES;
				CLANG_WARN_CONSTANT_CONVERSION = YES;
				CLANG_WARN_DIRECT_OBJC_ISA_USAGE = YES_ERROR;
				CLANG_WARN_EMPTY_BODY = YES;
				CLANG_WARN_ENUM_CONVERSION = YES;
				CLANG_WARN_INT_CONVERSION = YES;
				CLANG_WARN_OBJC_ROOT_CLASS = YES_ERROR;
				CLANG_WARN_UNREACHABLE_CODE = YES;
				CLANG_WARN__DUPLICATE_METHOD_MATCH = YES;
				"CODE_SIGN_IDENTITY[sdk=iphoneos*]" = "iPhone Developer";
				COPY_PHASE_STRIP = NO;
				ENABLE_STRICT_OBJC_MSGSEND = YES;
				GCC_C_LANGUAGE_STANDARD = gnu99;
				GCC_DYNAMIC_NO_PIC = NO;
				GCC_OPTIMIZATION_LEVEL = 0;
				GCC_PREPROCESSOR_DEFINITIONS = (
					"DEBUG=1",
					"$(inherited)",
				);
				GCC_SYMBOLS_PRIVATE_EXTERN = NO;
				GCC_WARN_64_TO_32_BIT_CONVERSION = YES;
				GCC_WARN_ABOUT_RETURN_TYPE = YES_ERROR;
				GCC_WARN_UNDECLARED_SELECTOR = YES;
				GCC_WARN_UNINITIALIZED_AUTOS = YES_AGGRESSIVE;
				GCC_WARN_UNUSED_FUNCTION = YES;
				GCC_WARN_UNUSED_VARIABLE = YES;
				IPHONEOS_DEPLOYMENT_TARGET = 8.1;
				MTL_ENABLE_DEBUG_INFO = YES;
				ONLY_ACTIVE_ARCH = YES;
				SDKROOT = iphoneos;
				TARGETED_DEVICE_FAMILY = "1,2";
			};
			name = Debug;
		};
		07FDBA381C16505700339278 /* Release */ = {
			isa = XCBuildConfiguration;
			buildSettings = {
				ALWAYS_SEARCH_USER_PATHS = NO;
				CLANG_CXX_LANGUAGE_STANDARD = "gnu++0x";
				CLANG_CXX_LIBRARY = "libc++";
				CLANG_ENABLE_MODULES = YES;
				CLANG_ENABLE_OBJC_ARC = YES;
				CLANG_WARN_BOOL_CONVERSION = YES;
				CLANG_WARN_CONSTANT_CONVERSION = YES;
				CLANG_WARN_DIRECT_OBJC_ISA_USAGE = YES_ERROR;
				CLANG_WARN_EMPTY_BODY = YES;
				CLANG_WARN_ENUM_CONVERSION = YES;
				CLANG_WARN_INT_CONVERSION = YES;
				CLANG_WARN_OBJC_ROOT_CLASS = YES_ERROR;
				CLANG_WARN_UNREACHABLE_CODE = YES;
				CLANG_WARN__DUPLICATE_METHOD_MATCH = YES;
				"CODE_SIGN_IDENTITY[sdk=iphoneos*]" = "iPhone Developer";
				COPY_PHASE_STRIP = YES;
				ENABLE_NS_ASSERTIONS = NO;
				ENABLE_STRICT_OBJC_MSGSEND = YES;
				GCC_C_LANGUAGE_STANDARD = gnu99;
				GCC_WARN_64_TO_32_BIT_CONVERSION = YES;
				GCC_WARN_ABOUT_RETURN_TYPE = YES_ERROR;
				GCC_WARN_UNDECLARED_SELECTOR = YES;
				GCC_WARN_UNINITIALIZED_AUTOS = YES_AGGRESSIVE;
				GCC_WARN_UNUSED_FUNCTION = YES;
				GCC_WARN_UNUSED_VARIABLE = YES;
				IPHONEOS_DEPLOYMENT_TARGET = 8.1;
				MTL_ENABLE_DEBUG_INFO = NO;
				SDKROOT = iphoneos;
				TARGETED_DEVICE_FAMILY = "1,2";
				VALIDATE_PRODUCT = YES;
			};
			name = Release;
		};
		07FDBA3A1C16505700339278 /* Debug */ = {
			isa = XCBuildConfiguration;
			buildSettings = {
				ASSETCATALOG_COMPILER_APPICON_NAME = AppIcon;
				INFOPLIST_FILE = SigRoutiere/Info.plist;
				LD_RUNPATH_SEARCH_PATHS = "$(inherited) @executable_path/Frameworks";
				PRODUCT_NAME = "$(TARGET_NAME)";
			};
			name = Debug;
		};
		07FDBA3B1C16505700339278 /* Release */ = {
			isa = XCBuildConfiguration;
			buildSettings = {
				ASSETCATALOG_COMPILER_APPICON_NAME = AppIcon;
				INFOPLIST_FILE = SigRoutiere/Info.plist;
				LD_RUNPATH_SEARCH_PATHS = "$(inherited) @executable_path/Frameworks";
				PRODUCT_NAME = "$(TARGET_NAME)";
			};
			name = Release;
		};
		07FDBA3D1C16505700339278 /* Debug */ = {
			isa = XCBuildConfiguration;
			buildSettings = {
				BUNDLE_LOADER = "$(TEST_HOST)";
				FRAMEWORK_SEARCH_PATHS = (
					"$(SDKROOT)/Developer/Library/Frameworks",
					"$(inherited)",
				);
				GCC_PREPROCESSOR_DEFINITIONS = (
					"DEBUG=1",
					"$(inherited)",
				);
				INFOPLIST_FILE = SigRoutiereTests/Info.plist;
				LD_RUNPATH_SEARCH_PATHS = "$(inherited) @executable_path/Frameworks @loader_path/Frameworks";
				PRODUCT_NAME = "$(TARGET_NAME)";
				TEST_HOST = "$(BUILT_PRODUCTS_DIR)/SigRoutiere.app/SigRoutiere";
			};
			name = Debug;
		};
		07FDBA3E1C16505700339278 /* Release */ = {
			isa = XCBuildConfiguration;
			buildSettings = {
				BUNDLE_LOADER = "$(TEST_HOST)";
				FRAMEWORK_SEARCH_PATHS = (
					"$(SDKROOT)/Developer/Library/Frameworks",
					"$(inherited)",
				);
				INFOPLIST_FILE = SigRoutiereTests/Info.plist;
				LD_RUNPATH_SEARCH_PATHS = "$(inherited) @executable_path/Frameworks @loader_path/Frameworks";
				PRODUCT_NAME = "$(TARGET_NAME)";
				TEST_HOST = "$(BUILT_PRODUCTS_DIR)/SigRoutiere.app/SigRoutiere";
			};
			name = Release;
		};
/* End XCBuildConfiguration section */

/* Begin XCConfigurationList section */
		07FDBA111C16505600339278 /* Build configuration list for PBXProject "SigRoutiere" */ = {
			isa = XCConfigurationList;
			buildConfigurations = (
				07FDBA371C16505700339278 /* Debug */,
				07FDBA381C16505700339278 /* Release */,
			);
			defaultConfigurationIsVisible = 0;
			defaultConfigurationName = Release;
		};
		07FDBA391C16505700339278 /* Build configuration list for PBXNativeTarget "SigRoutiere" */ = {
			isa = XCConfigurationList;
			buildConfigurations = (
				07FDBA3A1C16505700339278 /* Debug */,
				07FDBA3B1C16505700339278 /* Release */,
			);
			defaultConfigurationIsVisible = 0;
		};
		07FDBA3C1C16505700339278 /* Build configuration list for PBXNativeTarget "SigRoutiereTests" */ = {
			isa = XCConfigurationList;
			buildConfigurations = (
				07FDBA3D1C16505700339278 /* Debug */,
				07FDBA3E1C16505700339278 /* Release */,
			);
			defaultConfigurationIsVisible = 0;
		};
/* End XCConfigurationList section */
	};
	rootObject = 07FDBA0E1C16505600339278 /* Project object */;
}
